
Microsoft Visual Studio Solution File, Format Version 11.00
# Visual Studio 2010
Project("{B1E792BE-AA5F-4E3C-8C82-674BF9C0715B}") = "TheNewProject", "TheNewProject\TheNewProject.tsproj", "{7F101496-7F03-4C9B-A66E-8584B07F17B6}"
EndProject
Global
	GlobalSection(SolutionConfigurationPlatforms) = preSolution
		Debug|TwinCAT CE7 (ARMV7) = Debug|TwinCAT CE7 (ARMV7)
		Debug|TwinCAT RT (x64) = Debug|TwinCAT RT (x64)
		Debug|TwinCAT RT (x86) = Debug|TwinCAT RT (x86)
		Release|TwinCAT CE7 (ARMV7) = Release|TwinCAT CE7 (ARMV7)
		Release|TwinCAT RT (x64) = Release|TwinCAT RT (x64)
		Release|TwinCAT RT (x86) = Release|TwinCAT RT (x86)
	EndGlobalSection
	GlobalSection(ProjectConfigurationPlatforms) = postSolution
		{7F101496-7F03-4C9B-A66E-8584B07F17B6}.Debug|TwinCAT CE7 (ARMV7).ActiveCfg = Debug|TwinCAT CE7 (ARMV7)
		{7F101496-7F03-4C9B-A66E-8584B07F17B6}.Debug|TwinCAT CE7 (ARMV7).Build.0 = Debug|TwinCAT CE7 (ARMV7)
		{7F101496-7F03-4C9B-A66E-8584B07F17B6}.Debug|TwinCAT RT (x64).ActiveCfg = Debug|TwinCAT RT (x64)
		{7F101496-7F03-4C9B-A66E-8584B07F17B6}.Debug|TwinCAT RT (x64).Build.0 = Debug|TwinCAT RT (x64)
		{7F101496-7F03-4C9B-A66E-8584B07F17B6}.Debug|TwinCAT RT (x86).ActiveCfg = Debug|TwinCAT RT (x86)
		{7F101496-7F03-4C9B-A66E-8584B07F17B6}.Debug|TwinCAT RT (x86).Build.0 = Debug|TwinCAT RT (x86)
		{7F101496-7F03-4C9B-A66E-8584B07F17B6}.Release|TwinCAT CE7 (ARMV7).ActiveCfg = Release|TwinCAT CE7 (ARMV7)
		{7F101496-7F03-4C9B-A66E-8584B07F17B6}.Release|TwinCAT CE7 (ARMV7).Build.0 = Release|TwinCAT CE7 (ARMV7)
		{7F101496-7F03-4C9B-A66E-8584B07F17B6}.Release|TwinCAT RT (x64).ActiveCfg = Release|TwinCAT RT (x64)
		{7F101496-7F03-4C9B-A66E-8584B07F17B6}.Release|TwinCAT RT (x64).Build.0 = Release|TwinCAT RT (x64)
		{7F101496-7F03-4C9B-A66E-8584B07F17B6}.Release|TwinCAT RT (x86).ActiveCfg = Release|TwinCAT RT (x86)
		{7F101496-7F03-4C9B-A66E-8584B07F17B6}.Release|TwinCAT RT (x86).Build.0 = Release|TwinCAT RT (x86)
		{063EBDFD-4B28-4E1C-9EDA-450D9E89F0FD}.Debug|TwinCAT CE7 (ARMV7).ActiveCfg = Debug|TwinCAT CE7 (ARMV7)
		{063EBDFD-4B28-4E1C-9EDA-450D9E89F0FD}.Debug|TwinCAT CE7 (ARMV7).Build.0 = Debug|TwinCAT CE7 (ARMV7)
		{063EBDFD-4B28-4E1C-9EDA-450D9E89F0FD}.Debug|TwinCAT RT (x64).ActiveCfg = Debug|TwinCAT RT (x64)
		{063EBDFD-4B28-4E1C-9EDA-450D9E89F0FD}.Debug|TwinCAT RT (x64).Build.0 = Debug|TwinCAT RT (x64)
		{063EBDFD-4B28-4E1C-9EDA-450D9E89F0FD}.Debug|TwinCAT RT (x86).ActiveCfg = Debug|TwinCAT RT (x86)
		{063EBDFD-4B28-4E1C-9EDA-450D9E89F0FD}.Debug|TwinCAT RT (x86).Build.0 = Debug|TwinCAT RT (x86)
		{063EBDFD-4B28-4E1C-9EDA-450D9E89F0FD}.Release|TwinCAT CE7 (ARMV7).ActiveCfg = Release|TwinCAT CE7 (ARMV7)
		{063EBDFD-4B28-4E1C-9EDA-450D9E89F0FD}.Release|TwinCAT CE7 (ARMV7).Build.0 = Release|TwinCAT CE7 (ARMV7)
		{063EBDFD-4B28-4E1C-9EDA-450D9E89F0FD}.Release|TwinCAT RT (x64).ActiveCfg = Release|TwinCAT RT (x64)
		{063EBDFD-4B28-4E1C-9EDA-450D9E89F0FD}.Release|TwinCAT RT (x64).Build.0 = Release|TwinCAT RT (x64)
		{063EBDFD-4B28-4E1C-9EDA-450D9E89F0FD}.Release|TwinCAT RT (x86).ActiveCfg = Release|TwinCAT RT (x86)
		{063EBDFD-4B28-4E1C-9EDA-450D9E89F0FD}.Release|TwinCAT RT (x86).Build.0 = Release|TwinCAT RT (x86)
	EndGlobalSection
	GlobalSection(SolutionProperties) = preSolution
		HideSolutionNode = FALSE
	EndGlobalSection
EndGlobal
